
Microsoft Visual Studio Solution File, Format Version 12.00
# Visual Studio 15
VisualStudioVersion = 15.0.26730.12
MinimumVisualStudioVersion = 10.0.40219.1
Project("{FAE04EC0-301F-11D3-BF4B-00C04F79EFBC}") = "lab13", "lab13\lab13.csproj", "{A09462A2-912F-4447-A180-A0067661A36A}"
EndProject
Global
	GlobalSection(SolutionConfigurationPlatforms) = preSolution
		Debug|Any CPU = Debug|Any CPU
		Release|Any CPU = Release|Any CPU
	EndGlobalSection
	GlobalSection(ProjectConfigurationPlatforms) = postSolution
		{A09462A2-912F-4447-A180-A0067661A36A}.Debug|Any CPU.ActiveCfg = Debug|Any CPU
		{A09462A2-912F-4447-A180-A0067661A36A}.Debug|Any CPU.Build.0 = Debug|Any CPU
		{A09462A2-912F-4447-A180-A0067661A36A}.Release|Any CPU.ActiveCfg = Release|Any CPU
		{A09462A2-912F-4447-A180-A0067661A36A}.Release|Any CPU.Build.0 = Release|Any CPU
	EndGlobalSection
	GlobalSection(SolutionProperties) = preSolution
		HideSolutionNode = FALSE
	EndGlobalSection
	GlobalSection(ExtensibilityGlobals) = postSolution
		SolutionGuid = {3295C7AD-5914-4A0A-BBDC-BB3633E83FE9}
	EndGlobalSection
EndGlobal
