
Microsoft Visual Studio Solution File, Format Version 12.00
# Visual Studio 15
VisualStudioVersion = 15.0.26730.12
MinimumVisualStudioVersion = 10.0.40219.1
Project("{FAE04EC0-301F-11D3-BF4B-00C04F79EFBC}") = "lab7", "lab7\lab7.csproj", "{FE152DB4-0B3A-46C3-AF6D-F43DA2008AE5}"
EndProject
Global
	GlobalSection(SolutionConfigurationPlatforms) = preSolution
		Debug|Any CPU = Debug|Any CPU
		Release|Any CPU = Release|Any CPU
	EndGlobalSection
	GlobalSection(ProjectConfigurationPlatforms) = postSolution
		{FE152DB4-0B3A-46C3-AF6D-F43DA2008AE5}.Debug|Any CPU.ActiveCfg = Debug|Any CPU
		{FE152DB4-0B3A-46C3-AF6D-F43DA2008AE5}.Debug|Any CPU.Build.0 = Debug|Any CPU
		{FE152DB4-0B3A-46C3-AF6D-F43DA2008AE5}.Release|Any CPU.ActiveCfg = Release|Any CPU
		{FE152DB4-0B3A-46C3-AF6D-F43DA2008AE5}.Release|Any CPU.Build.0 = Release|Any CPU
	EndGlobalSection
	GlobalSection(SolutionProperties) = preSolution
		HideSolutionNode = FALSE
	EndGlobalSection
	GlobalSection(ExtensibilityGlobals) = postSolution
		SolutionGuid = {25FEF07D-F9EC-4EB8-A372-B161EAF425FD}
	EndGlobalSection
EndGlobal
